
Microsoft Visual Studio Solution File, Format Version 12.00
# Visual Studio Version 17
VisualStudioVersion = 17.3.32901.215
MinimumVisualStudioVersion = 10.0.40219.1
Project("{FAE04EC0-301F-11D3-BF4B-00C04F79EFBC}") = "WebApi", "WebApi\WebApi.csproj", "{DEF41665-7DA9-4D4B-937D-93DCAAD52474}"
EndProject
Global
	GlobalSection(SolutionConfigurationPlatforms) = preSolution
		Debug|Any CPU = Debug|Any CPU
		Release|Any CPU = Release|Any CPU
	EndGlobalSection
	GlobalSection(ProjectConfigurationPlatforms) = postSolution
		{DEF41665-7DA9-4D4B-937D-93DCAAD52474}.Debug|Any CPU.ActiveCfg = Debug|Any CPU
		{DEF41665-7DA9-4D4B-937D-93DCAAD52474}.Debug|Any CPU.Build.0 = Debug|Any CPU
		{DEF41665-7DA9-4D4B-937D-93DCAAD52474}.Release|Any CPU.ActiveCfg = Release|Any CPU
		{DEF41665-7DA9-4D4B-937D-93DCAAD52474}.Release|Any CPU.Build.0 = Release|Any CPU
	EndGlobalSection
	GlobalSection(SolutionProperties) = preSolution
		HideSolutionNode = FALSE
	EndGlobalSection
	GlobalSection(ExtensibilityGlobals) = postSolution
		SolutionGuid = {ADD6BA91-6867-454E-B774-55B9949884B4}
	EndGlobalSection
EndGlobal
